dependencies:
- name: oauth2-proxy
  repository: https://oauth2-proxy.github.io/manifests
  version: 7.12.9
- name: kubernetes-dashboard
  repository: https://kubernetes.github.io/dashboard/
  version: 7.11.1
- name: oauth2-proxy
  repository: https://oauth2-proxy.github.io/manifests
  version: 7.12.9
- name: oauth2-proxy
  repository: https://oauth2-proxy.github.io/manifests
  version: 7.12.9
digest: sha256:a8c41df9c7be7ee12c4b7875a2d3b52c429b6cba7c9401632ee015a12dd177ab
generated: "2025-04-10T12:13:36.924309601Z"
