dependencies:
- name: oauth2-proxy
  repository: https://oauth2-proxy.github.io/manifests
  version: 7.14.2
- name: kubernetes-dashboard
  repository: https://kubernetes.github.io/dashboard/
  version: 7.13.0
- name: oauth2-proxy
  repository: https://oauth2-proxy.github.io/manifests
  version: 7.14.2
- name: oauth2-proxy
  repository: https://oauth2-proxy.github.io/manifests
  version: 7.14.2
digest: sha256:f1d6767670adc88b21b9e71ad7dd603e89d80e0d49e46de20a035d5e8ce414b0
generated: "2025-07-21T20:05:48.908615024Z"
