dependencies:
- name: oauth2-proxy
  repository: https://oauth2-proxy.github.io/manifests
  version: 7.12.8
- name: kubernetes-dashboard
  repository: https://kubernetes.github.io/dashboard/
  version: 7.11.1
- name: oauth2-proxy
  repository: https://oauth2-proxy.github.io/manifests
  version: 7.12.8
- name: oauth2-proxy
  repository: https://oauth2-proxy.github.io/manifests
  version: 7.12.8
digest: sha256:afe61ce3483a615bd11a1c2f69445f0055844737d0a28b1589aa4bdaa1e5c769
generated: "2025-03-26T15:50:55.559278054Z"
